
Microsoft Visual Studio Solution File, Format Version 12.00
# Visual Studio Version 16
VisualStudioVersion = 16.0.31515.178
MinimumVisualStudioVersion = 10.0.40219.1
Project("{FAE04EC0-301F-11D3-BF4B-00C04F79EFBC}") = "BeSpokedBikes.API", "BeSpokedBikes.API\BeSpokedBikes.API.csproj", "{FD83A781-53D6-40EF-8ECB-CE4904092A0E}"
EndProject
Global
	GlobalSection(SolutionConfigurationPlatforms) = preSolution
		Debug|Any CPU = Debug|Any CPU
		Release|Any CPU = Release|Any CPU
	EndGlobalSection
	GlobalSection(ProjectConfigurationPlatforms) = postSolution
		{FD83A781-53D6-40EF-8ECB-CE4904092A0E}.Debug|Any CPU.ActiveCfg = Debug|Any CPU
		{FD83A781-53D6-40EF-8ECB-CE4904092A0E}.Debug|Any CPU.Build.0 = Debug|Any CPU
		{FD83A781-53D6-40EF-8ECB-CE4904092A0E}.Release|Any CPU.ActiveCfg = Release|Any CPU
		{FD83A781-53D6-40EF-8ECB-CE4904092A0E}.Release|Any CPU.Build.0 = Release|Any CPU
	EndGlobalSection
	GlobalSection(SolutionProperties) = preSolution
		HideSolutionNode = FALSE
	EndGlobalSection
	GlobalSection(ExtensibilityGlobals) = postSolution
		SolutionGuid = {801D9593-E91A-4C3C-907E-EABA17203133}
	EndGlobalSection
EndGlobal
