
Microsoft Visual Studio Solution File, Format Version 12.00
# Visual Studio Version 16
VisualStudioVersion = 16.0.31515.178
MinimumVisualStudioVersion = 10.0.40219.1
Project("{9A19103F-16F7-4668-BE54-9A1E7A4F7556}") = "BeSpokedBikes.API", "BeSpokedBikes.API\BeSpokedBikes.API.csproj", "{E87C16BD-9BE0-49AA-9B20-28E9E237A4CB}"
EndProject
Project("{9A19103F-16F7-4668-BE54-9A1E7A4F7556}") = "BeSpokedBikes.Domain", "BeSpokedBikes.Domain\BeSpokedBikes.Domain.csproj", "{EC69313E-9CE9-4321-A017-63CF71B739D1}"
EndProject
Project("{9A19103F-16F7-4668-BE54-9A1E7A4F7556}") = "BeSpokedBikes.Infrastructure", "BeSpokedBikes.Infrastructure\BeSpokedBikes.Infrastructure.csproj", "{A4D0FCB6-BC76-4284-B3E2-CDC11D13895C}"
EndProject
Project("{9A19103F-16F7-4668-BE54-9A1E7A4F7556}") = "BeSpokedBikes.Application", "BeSpokedBikes.Application\BeSpokedBikes.Application.csproj", "{EC8410A0-47DE-47B9-AB33-4D58CDD588C5}"
EndProject
Project("{FAE04EC0-301F-11D3-BF4B-00C04F79EFBC}") = "BeSpokedBikes.Common", "BeSpokedBikes.Common\BeSpokedBikes.Common.csproj", "{86C2ED58-8D1B-47BA-9CB8-491659ED38E0}"
EndProject
Global
	GlobalSection(SolutionConfigurationPlatforms) = preSolution
		Debug|Any CPU = Debug|Any CPU
		Release|Any CPU = Release|Any CPU
	EndGlobalSection
	GlobalSection(ProjectConfigurationPlatforms) = postSolution
		{E87C16BD-9BE0-49AA-9B20-28E9E237A4CB}.Debug|Any CPU.ActiveCfg = Debug|Any CPU
		{E87C16BD-9BE0-49AA-9B20-28E9E237A4CB}.Debug|Any CPU.Build.0 = Debug|Any CPU
		{E87C16BD-9BE0-49AA-9B20-28E9E237A4CB}.Release|Any CPU.ActiveCfg = Release|Any CPU
		{E87C16BD-9BE0-49AA-9B20-28E9E237A4CB}.Release|Any CPU.Build.0 = Release|Any CPU
		{EC69313E-9CE9-4321-A017-63CF71B739D1}.Debug|Any CPU.ActiveCfg = Debug|Any CPU
		{EC69313E-9CE9-4321-A017-63CF71B739D1}.Debug|Any CPU.Build.0 = Debug|Any CPU
		{EC69313E-9CE9-4321-A017-63CF71B739D1}.Release|Any CPU.ActiveCfg = Release|Any CPU
		{EC69313E-9CE9-4321-A017-63CF71B739D1}.Release|Any CPU.Build.0 = Release|Any CPU
		{A4D0FCB6-BC76-4284-B3E2-CDC11D13895C}.Debug|Any CPU.ActiveCfg = Debug|Any CPU
		{A4D0FCB6-BC76-4284-B3E2-CDC11D13895C}.Debug|Any CPU.Build.0 = Debug|Any CPU
		{A4D0FCB6-BC76-4284-B3E2-CDC11D13895C}.Release|Any CPU.ActiveCfg = Release|Any CPU
		{A4D0FCB6-BC76-4284-B3E2-CDC11D13895C}.Release|Any CPU.Build.0 = Release|Any CPU
		{EC8410A0-47DE-47B9-AB33-4D58CDD588C5}.Debug|Any CPU.ActiveCfg = Debug|Any CPU
		{EC8410A0-47DE-47B9-AB33-4D58CDD588C5}.Debug|Any CPU.Build.0 = Debug|Any CPU
		{EC8410A0-47DE-47B9-AB33-4D58CDD588C5}.Release|Any CPU.ActiveCfg = Release|Any CPU
		{EC8410A0-47DE-47B9-AB33-4D58CDD588C5}.Release|Any CPU.Build.0 = Release|Any CPU
		{86C2ED58-8D1B-47BA-9CB8-491659ED38E0}.Debug|Any CPU.ActiveCfg = Debug|Any CPU
		{86C2ED58-8D1B-47BA-9CB8-491659ED38E0}.Debug|Any CPU.Build.0 = Debug|Any CPU
		{86C2ED58-8D1B-47BA-9CB8-491659ED38E0}.Release|Any CPU.ActiveCfg = Release|Any CPU
		{86C2ED58-8D1B-47BA-9CB8-491659ED38E0}.Release|Any CPU.Build.0 = Release|Any CPU
	EndGlobalSection
	GlobalSection(SolutionProperties) = preSolution
		HideSolutionNode = FALSE
	EndGlobalSection
	GlobalSection(ExtensibilityGlobals) = postSolution
		SolutionGuid = {801D9593-E91A-4C3C-907E-EABA17203133}
	EndGlobalSection
EndGlobal
