
Microsoft Visual Studio Solution File, Format Version 12.00
# Visual Studio Version 16
VisualStudioVersion = 16.0.31515.178
MinimumVisualStudioVersion = 10.0.40219.1
Project("{FAE04EC0-301F-11D3-BF4B-00C04F79EFBC}") = "BeSpokedBikes.Web", "BeSpokedBikes.Web\BeSpokedBikes.Web.csproj", "{8C0AAF67-F2E0-4624-9658-FED33071C428}"
EndProject
Global
	GlobalSection(SolutionConfigurationPlatforms) = preSolution
		Debug|Any CPU = Debug|Any CPU
		Release|Any CPU = Release|Any CPU
	EndGlobalSection
	GlobalSection(ProjectConfigurationPlatforms) = postSolution
		{8C0AAF67-F2E0-4624-9658-FED33071C428}.Debug|Any CPU.ActiveCfg = Debug|Any CPU
		{8C0AAF67-F2E0-4624-9658-FED33071C428}.Debug|Any CPU.Build.0 = Debug|Any CPU
		{8C0AAF67-F2E0-4624-9658-FED33071C428}.Release|Any CPU.ActiveCfg = Release|Any CPU
		{8C0AAF67-F2E0-4624-9658-FED33071C428}.Release|Any CPU.Build.0 = Release|Any CPU
	EndGlobalSection
	GlobalSection(SolutionProperties) = preSolution
		HideSolutionNode = FALSE
	EndGlobalSection
	GlobalSection(ExtensibilityGlobals) = postSolution
		SolutionGuid = {7ED75C6F-0601-4336-8720-C2D21D9E74AE}
	EndGlobalSection
EndGlobal
